
Microsoft Visual Studio Solution File, Format Version 12.00
# Visual Studio Version 16
VisualStudioVersion = 16.0.31321.278
MinimumVisualStudioVersion = 10.0.40219.1
Project("{FAE04EC0-301F-11D3-BF4B-00C04F79EFBC}") = "Keyz", "Keyz\Keyz.csproj", "{4827D219-2D95-4646-ABB3-0F018C3AE804}"
EndProject
Global
	GlobalSection(SolutionConfigurationPlatforms) = preSolution
		Debug|Any CPU = Debug|Any CPU
		Release|Any CPU = Release|Any CPU
	EndGlobalSection
	GlobalSection(ProjectConfigurationPlatforms) = postSolution
		{4827D219-2D95-4646-ABB3-0F018C3AE804}.Debug|Any CPU.ActiveCfg = Debug|Any CPU
		{4827D219-2D95-4646-ABB3-0F018C3AE804}.Debug|Any CPU.Build.0 = Debug|Any CPU
		{4827D219-2D95-4646-ABB3-0F018C3AE804}.Release|Any CPU.ActiveCfg = Release|Any CPU
		{4827D219-2D95-4646-ABB3-0F018C3AE804}.Release|Any CPU.Build.0 = Release|Any CPU
	EndGlobalSection
	GlobalSection(SolutionProperties) = preSolution
		HideSolutionNode = FALSE
	EndGlobalSection
	GlobalSection(ExtensibilityGlobals) = postSolution
		SolutionGuid = {45329E64-F771-43A7-8590-EA2E8F3CF94B}
	EndGlobalSection
EndGlobal
